
Microsoft Visual Studio Solution File, Format Version 12.00
# Visual Studio Version 16
VisualStudioVersion = 16.0.29418.71
MinimumVisualStudioVersion = 10.0.40219.1
Project("{FAE04EC0-301F-11D3-BF4B-00C04F79EFBC}") = "RegLoginApp.Android", "RegLoginApp.Android\RegLoginApp.Android.csproj", "{FFCF3EB7-B694-4C45-A423-B3BA202C50EB}"
EndProject
Project("{FAE04EC0-301F-11D3-BF4B-00C04F79EFBC}") = "RegLoginApp.iOS", "RegLoginApp.iOS\RegLoginApp.iOS.csproj", "{662E662E-8867-4A3E-8EE5-E66D22F2C87B}"
EndProject
Project("{FAE04EC0-301F-11D3-BF4B-00C04F79EFBC}") = "RegLoginApp", "RegLoginApp\RegLoginApp.csproj", "{9DF37634-724E-438B-ABF8-A08BDE905D80}"
EndProject
Global
	GlobalSection(SolutionConfigurationPlatforms) = preSolution
		Debug|Any CPU = Debug|Any CPU
		Debug|iPhone = Debug|iPhone
		Debug|iPhoneSimulator = Debug|iPhoneSimulator
		Release|Any CPU = Release|Any CPU
		Release|iPhone = Release|iPhone
		Release|iPhoneSimulator = Release|iPhoneSimulator
	EndGlobalSection
	GlobalSection(ProjectConfigurationPlatforms) = postSolution
		{FFCF3EB7-B694-4C45-A423-B3BA202C50EB}.Debug|Any CPU.ActiveCfg = Debug|Any CPU
		{FFCF3EB7-B694-4C45-A423-B3BA202C50EB}.Debug|Any CPU.Build.0 = Debug|Any CPU
		{FFCF3EB7-B694-4C45-A423-B3BA202C50EB}.Debug|Any CPU.Deploy.0 = Debug|Any CPU
		{FFCF3EB7-B694-4C45-A423-B3BA202C50EB}.Debug|iPhone.ActiveCfg = Debug|Any CPU
		{FFCF3EB7-B694-4C45-A423-B3BA202C50EB}.Debug|iPhone.Build.0 = Debug|Any CPU
		{FFCF3EB7-B694-4C45-A423-B3BA202C50EB}.Debug|iPhone.Deploy.0 = Debug|Any CPU
		{FFCF3EB7-B694-4C45-A423-B3BA202C50EB}.Debug|iPhoneSimulator.ActiveCfg = Debug|Any CPU
		{FFCF3EB7-B694-4C45-A423-B3BA202C50EB}.Debug|iPhoneSimulator.Build.0 = Debug|Any CPU
		{FFCF3EB7-B694-4C45-A423-B3BA202C50EB}.Debug|iPhoneSimulator.Deploy.0 = Debug|Any CPU
		{FFCF3EB7-B694-4C45-A423-B3BA202C50EB}.Release|Any CPU.ActiveCfg = Release|Any CPU
		{FFCF3EB7-B694-4C45-A423-B3BA202C50EB}.Release|Any CPU.Build.0 = Release|Any CPU
		{FFCF3EB7-B694-4C45-A423-B3BA202C50EB}.Release|Any CPU.Deploy.0 = Release|Any CPU
		{FFCF3EB7-B694-4C45-A423-B3BA202C50EB}.Release|iPhone.ActiveCfg = Release|Any CPU
		{FFCF3EB7-B694-4C45-A423-B3BA202C50EB}.Release|iPhone.Build.0 = Release|Any CPU
		{FFCF3EB7-B694-4C45-A423-B3BA202C50EB}.Release|iPhone.Deploy.0 = Release|Any CPU
		{FFCF3EB7-B694-4C45-A423-B3BA202C50EB}.Release|iPhoneSimulator.ActiveCfg = Release|Any CPU
		{FFCF3EB7-B694-4C45-A423-B3BA202C50EB}.Release|iPhoneSimulator.Build.0 = Release|Any CPU
		{FFCF3EB7-B694-4C45-A423-B3BA202C50EB}.Release|iPhoneSimulator.Deploy.0 = Release|Any CPU
		{662E662E-8867-4A3E-8EE5-E66D22F2C87B}.Debug|Any CPU.ActiveCfg = Debug|iPhoneSimulator
		{662E662E-8867-4A3E-8EE5-E66D22F2C87B}.Debug|Any CPU.Build.0 = Debug|iPhoneSimulator
		{662E662E-8867-4A3E-8EE5-E66D22F2C87B}.Debug|Any CPU.Deploy.0 = Debug|iPhoneSimulator
		{662E662E-8867-4A3E-8EE5-E66D22F2C87B}.Debug|iPhone.ActiveCfg = Debug|iPhone
		{662E662E-8867-4A3E-8EE5-E66D22F2C87B}.Debug|iPhone.Build.0 = Debug|iPhone
		{662E662E-8867-4A3E-8EE5-E66D22F2C87B}.Debug|iPhone.Deploy.0 = Debug|iPhone
		{662E662E-8867-4A3E-8EE5-E66D22F2C87B}.Debug|iPhoneSimulator.ActiveCfg = Debug|iPhoneSimulator
		{662E662E-8867-4A3E-8EE5-E66D22F2C87B}.Debug|iPhoneSimulator.Build.0 = Debug|iPhoneSimulator
		{662E662E-8867-4A3E-8EE5-E66D22F2C87B}.Debug|iPhoneSimulator.Deploy.0 = Debug|iPhoneSimulator
		{662E662E-8867-4A3E-8EE5-E66D22F2C87B}.Release|Any CPU.ActiveCfg = Release|iPhone
		{662E662E-8867-4A3E-8EE5-E66D22F2C87B}.Release|Any CPU.Build.0 = Release|iPhone
		{662E662E-8867-4A3E-8EE5-E66D22F2C87B}.Release|Any CPU.Deploy.0 = Release|iPhone
		{662E662E-8867-4A3E-8EE5-E66D22F2C87B}.Release|iPhone.ActiveCfg = Release|iPhone
		{662E662E-8867-4A3E-8EE5-E66D22F2C87B}.Release|iPhone.Build.0 = Release|iPhone
		{662E662E-8867-4A3E-8EE5-E66D22F2C87B}.Release|iPhone.Deploy.0 = Release|iPhone
		{662E662E-8867-4A3E-8EE5-E66D22F2C87B}.Release|iPhoneSimulator.ActiveCfg = Release|iPhoneSimulator
		{662E662E-8867-4A3E-8EE5-E66D22F2C87B}.Release|iPhoneSimulator.Build.0 = Release|iPhoneSimulator
		{662E662E-8867-4A3E-8EE5-E66D22F2C87B}.Release|iPhoneSimulator.Deploy.0 = Release|iPhoneSimulator
		{9DF37634-724E-438B-ABF8-A08BDE905D80}.Debug|Any CPU.ActiveCfg = Debug|Any CPU
		{9DF37634-724E-438B-ABF8-A08BDE905D80}.Debug|Any CPU.Build.0 = Debug|Any CPU
		{9DF37634-724E-438B-ABF8-A08BDE905D80}.Debug|Any CPU.Deploy.0 = Debug|Any CPU
		{9DF37634-724E-438B-ABF8-A08BDE905D80}.Debug|iPhone.ActiveCfg = Debug|Any CPU
		{9DF37634-724E-438B-ABF8-A08BDE905D80}.Debug|iPhone.Build.0 = Debug|Any CPU
		{9DF37634-724E-438B-ABF8-A08BDE905D80}.Debug|iPhone.Deploy.0 = Debug|Any CPU
		{9DF37634-724E-438B-ABF8-A08BDE905D80}.Debug|iPhoneSimulator.ActiveCfg = Debug|Any CPU
		{9DF37634-724E-438B-ABF8-A08BDE905D80}.Debug|iPhoneSimulator.Build.0 = Debug|Any CPU
		{9DF37634-724E-438B-ABF8-A08BDE905D80}.Debug|iPhoneSimulator.Deploy.0 = Debug|Any CPU
		{9DF37634-724E-438B-ABF8-A08BDE905D80}.Release|Any CPU.ActiveCfg = Release|Any CPU
		{9DF37634-724E-438B-ABF8-A08BDE905D80}.Release|Any CPU.Build.0 = Release|Any CPU
		{9DF37634-724E-438B-ABF8-A08BDE905D80}.Release|Any CPU.Deploy.0 = Release|Any CPU
		{9DF37634-724E-438B-ABF8-A08BDE905D80}.Release|iPhone.ActiveCfg = Release|Any CPU
		{9DF37634-724E-438B-ABF8-A08BDE905D80}.Release|iPhone.Build.0 = Release|Any CPU
		{9DF37634-724E-438B-ABF8-A08BDE905D80}.Release|iPhone.Deploy.0 = Release|Any CPU
		{9DF37634-724E-438B-ABF8-A08BDE905D80}.Release|iPhoneSimulator.ActiveCfg = Release|Any CPU
		{9DF37634-724E-438B-ABF8-A08BDE905D80}.Release|iPhoneSimulator.Build.0 = Release|Any CPU
		{9DF37634-724E-438B-ABF8-A08BDE905D80}.Release|iPhoneSimulator.Deploy.0 = Release|Any CPU
	EndGlobalSection
	GlobalSection(SolutionProperties) = preSolution
		HideSolutionNode = FALSE
	EndGlobalSection
	GlobalSection(ExtensibilityGlobals) = postSolution
		SolutionGuid = {B95F519A-ECB0-4B8A-8AC9-D80F60357D82}
	EndGlobalSection
EndGlobal
