
Microsoft Visual Studio Solution File, Format Version 12.00
# Visual Studio 15
VisualStudioVersion = 15.0.28307.852
MinimumVisualStudioVersion = 10.0.40219.1
Project("{FAE04EC0-301F-11D3-BF4B-00C04F79EFBC}") = "FloysWarshall", "FloysWarshall\FloysWarshall.csproj", "{8B75679C-0623-4ACE-8799-B6FE5C3F7BCF}"
EndProject
Global
	GlobalSection(SolutionConfigurationPlatforms) = preSolution
		Debug|Any CPU = Debug|Any CPU
		Release|Any CPU = Release|Any CPU
	EndGlobalSection
	GlobalSection(ProjectConfigurationPlatforms) = postSolution
		{8B75679C-0623-4ACE-8799-B6FE5C3F7BCF}.Debug|Any CPU.ActiveCfg = Debug|Any CPU
		{8B75679C-0623-4ACE-8799-B6FE5C3F7BCF}.Debug|Any CPU.Build.0 = Debug|Any CPU
		{8B75679C-0623-4ACE-8799-B6FE5C3F7BCF}.Release|Any CPU.ActiveCfg = Release|Any CPU
		{8B75679C-0623-4ACE-8799-B6FE5C3F7BCF}.Release|Any CPU.Build.0 = Release|Any CPU
	EndGlobalSection
	GlobalSection(SolutionProperties) = preSolution
		HideSolutionNode = FALSE
	EndGlobalSection
	GlobalSection(ExtensibilityGlobals) = postSolution
		SolutionGuid = {1C7280A0-DBFF-4F1E-A3A6-B69CBBAD225C}
	EndGlobalSection
EndGlobal
